
Microsoft Visual Studio Solution File, Format Version 12.00
# Visual Studio Version 17
VisualStudioVersion = 17.4.33103.184
MinimumVisualStudioVersion = 10.0.40219.1
Project("{9A19103F-16F7-4668-BE54-9A1E7A4F7556}") = "clojure.data.json", "clojure.data.json.csproj", "{70CEB315-E398-4687-AA76-987BC4FCEF1A}"
EndProject
Global
	GlobalSection(SolutionConfigurationPlatforms) = preSolution
		Debug|Any CPU = Debug|Any CPU
		Release|Any CPU = Release|Any CPU
	EndGlobalSection
	GlobalSection(ProjectConfigurationPlatforms) = postSolution
		{70CEB315-E398-4687-AA76-987BC4FCEF1A}.Debug|Any CPU.ActiveCfg = Debug|Any CPU
		{70CEB315-E398-4687-AA76-987BC4FCEF1A}.Debug|Any CPU.Build.0 = Debug|Any CPU
		{70CEB315-E398-4687-AA76-987BC4FCEF1A}.Release|Any CPU.ActiveCfg = Release|Any CPU
		{70CEB315-E398-4687-AA76-987BC4FCEF1A}.Release|Any CPU.Build.0 = Release|Any CPU
	EndGlobalSection
	GlobalSection(SolutionProperties) = preSolution
		HideSolutionNode = FALSE
	EndGlobalSection
	GlobalSection(ExtensibilityGlobals) = postSolution
		SolutionGuid = {63AF54CC-5C68-4EC1-A38A-1525272E512E}
	EndGlobalSection
EndGlobal
